
Microsoft Visual Studio Solution File, Format Version 12.00
# Visual Studio 15
VisualStudioVersion = 15.0.26403.3
MinimumVisualStudioVersion = 10.0.40219.1
Project("{F184B08F-C81C-45F6-A57F-5ABD9991F28F}") = "OPSystem", "OPSystem\OPSystem.vbproj", "{CD8E53D2-B177-494B-AE08-1CEEF98E43D7}"
EndProject
Project("{F184B08F-C81C-45F6-A57F-5ABD9991F28F}") = "Security-System", "Security-System\Security-System.vbproj", "{F18A5127-07F0-4A51-96E2-DFC4E6FD3EDE}"
EndProject
Project("{F184B08F-C81C-45F6-A57F-5ABD9991F28F}") = "Sys-Empaque", "Sys-Empaque\Sys-Empaque.vbproj", "{56D1B589-CC6D-43A0-98C9-EDECCA7D664E}"
EndProject
Project("{F184B08F-C81C-45F6-A57F-5ABD9991F28F}") = "DataAgro", "DataAgro\DataAgro.vbproj", "{2D98B549-E322-471C-BF48-D0A793EF783A}"
EndProject
Global
	GlobalSection(SolutionConfigurationPlatforms) = preSolution
		Debug|Any CPU = Debug|Any CPU
		Release|Any CPU = Release|Any CPU
	EndGlobalSection
	GlobalSection(ProjectConfigurationPlatforms) = postSolution
		{CD8E53D2-B177-494B-AE08-1CEEF98E43D7}.Debug|Any CPU.ActiveCfg = Debug|Any CPU
		{CD8E53D2-B177-494B-AE08-1CEEF98E43D7}.Debug|Any CPU.Build.0 = Debug|Any CPU
		{CD8E53D2-B177-494B-AE08-1CEEF98E43D7}.Release|Any CPU.ActiveCfg = Release|Any CPU
		{CD8E53D2-B177-494B-AE08-1CEEF98E43D7}.Release|Any CPU.Build.0 = Release|Any CPU
		{F18A5127-07F0-4A51-96E2-DFC4E6FD3EDE}.Debug|Any CPU.ActiveCfg = Debug|Any CPU
		{F18A5127-07F0-4A51-96E2-DFC4E6FD3EDE}.Debug|Any CPU.Build.0 = Debug|Any CPU
		{F18A5127-07F0-4A51-96E2-DFC4E6FD3EDE}.Release|Any CPU.ActiveCfg = Release|Any CPU
		{F18A5127-07F0-4A51-96E2-DFC4E6FD3EDE}.Release|Any CPU.Build.0 = Release|Any CPU
		{56D1B589-CC6D-43A0-98C9-EDECCA7D664E}.Debug|Any CPU.ActiveCfg = Debug|Any CPU
		{56D1B589-CC6D-43A0-98C9-EDECCA7D664E}.Debug|Any CPU.Build.0 = Debug|Any CPU
		{56D1B589-CC6D-43A0-98C9-EDECCA7D664E}.Release|Any CPU.ActiveCfg = Release|Any CPU
		{56D1B589-CC6D-43A0-98C9-EDECCA7D664E}.Release|Any CPU.Build.0 = Release|Any CPU
		{2D98B549-E322-471C-BF48-D0A793EF783A}.Debug|Any CPU.ActiveCfg = Debug|Any CPU
		{2D98B549-E322-471C-BF48-D0A793EF783A}.Debug|Any CPU.Build.0 = Debug|Any CPU
		{2D98B549-E322-471C-BF48-D0A793EF783A}.Release|Any CPU.ActiveCfg = Release|Any CPU
		{2D98B549-E322-471C-BF48-D0A793EF783A}.Release|Any CPU.Build.0 = Release|Any CPU
	EndGlobalSection
	GlobalSection(SolutionProperties) = preSolution
		HideSolutionNode = FALSE
	EndGlobalSection
	GlobalSection(ExtensibilityGlobals) = postSolution
		SolutionGuid = {4DF2244C-7C20-4BCB-BD3A-1424D3B73F5B}
	EndGlobalSection
EndGlobal
